# THIS IS AN AUTOGENERATED FILE. DO NOT EDIT THIS FILE DIRECTLY.
# yarn lockfile v1


truncate-ethereum-address@^0.3.0:
  version "0.3.0"
  resolved "https://registry.yarnpkg.com/truncate-ethereum-address/-/truncate-ethereum-address-0.3.0.tgz#0b006841f7fc03208858e0c5f9fe760469d7f0d3"
  integrity sha512-PVuWuCS2iL4U8X8G+uweD5aILFVjV03U6zIBXteahEhDKRrql35kwXsW6aDLPz4lOQdTe5CMIqdodoY5AEeedA==
